{
  "name": "INET-Monday-Fall2023-Team-3",
  "lockfileVersion": 3,
  "requires": true,
  "packages": {
    "": {
      "dependencies": {
        "validator": "^13.11.0"
      },
      "devDependencies": {
        "@types/validator": "^13.11.6"
      }
    },
    "node_modules/@types/validator": {
      "version": "13.11.6",
      "resolved": "https://registry.npmjs.org/@types/validator/-/validator-13.11.6.tgz",
      "integrity": "sha512-HUgHujPhKuNzgNXBRZKYexwoG+gHKU+tnfPqjWXFghZAnn73JElicMkuSKJyLGr9JgyA8IgK7fj88IyA9rwYeQ==",
      "dev": true
    },
    "node_modules/validator": {
      "version": "13.11.0",
      "resolved": "https://registry.npmjs.org/validator/-/validator-13.11.0.tgz",
      "integrity": "sha512-Ii+sehpSfZy+At5nPdnyMhx78fEoPDkR2XW/zimHEL3MyGJQOCQ7WeP20jPYRz7ZCpcKLB21NxuXHF3bxjStBQ==",
      "engines": {
        "node": ">= 0.10"
      }
    }
  }
}